<?xml version="1.0" encoding="utf-8"?>
<Project ToolsVersion="4.0" xmlns="http://schemas.microsoft.com/developer/msbuild/2003">
  <ItemGroup>
    <Filter Include="libchdr">
      <UniqueIdentifier>{1b09ea08-feeb-4e7c-9bc0-0170bd1de538}</UniqueIdentifier>
    </Filter>
    <Filter Include="miniz">
      <UniqueIdentifier>{76db1418-5622-496b-9c92-8bcd9649b6f3}</UniqueIdentifier>
    </Filter>
    <Filter Include="lzma">
      <UniqueIdentifier>{ad972f61-02df-4c5a-af25-b997be37894e}</UniqueIdentifier>
    </Filter>
    <Filter Include="zstd">
      <UniqueIdentifier>{b2f0fccc-ffbd-4f14-8ca3-932cbaa6f40a}</UniqueIdentifier>
    </Filter>
  </ItemGroup>
  <ItemGroup>
    <ClCompile Include="libchdr\src\libchdr_bitstream.c">
      <Filter>libchdr</Filter>
    </ClCompile>
    <ClCompile Include="libchdr\src\libchdr_cdrom.c">
      <Filter>libchdr</Filter>
    </ClCompile>
    <ClCompile Include="libchdr\src\libchdr_chd.c">
      <Filter>libchdr</Filter>
    </ClCompile>
    <ClCompile Include="libchdr\src\libchdr_flac.c">
      <Filter>libchdr</Filter>
    </ClCompile>
    <ClCompile Include="libchdr\src\libchdr_huffman.c">
      <Filter>libchdr</Filter>
    </ClCompile>
    <ClCompile Include="libchdr\deps\zstd-1.5.7\zstddeclib.c">
      <Filter>zstd</Filter>
    </ClCompile>
    <ClCompile Include="libchdr\deps\miniz-3.1.2\miniz.c">
      <Filter>miniz</Filter>
    </ClCompile>
    <ClCompile Include="libchdr\deps\lzma-26.02\src\LzmaDec.c">
      <Filter>lzma</Filter>
    </ClCompile>
    <ClCompile Include="libchdr\src\libchdr_codec_zstd.c">
      <Filter>libchdr</Filter>
    </ClCompile>
    <ClCompile Include="libchdr\src\libchdr_codec_avhuff.c">
      <Filter>libchdr</Filter>
    </ClCompile>
    <ClCompile Include="libchdr\src\libchdr_codec_cdfl.c">
      <Filter>libchdr</Filter>
    </ClCompile>
    <ClCompile Include="libchdr\src\libchdr_codec_cdlz.c">
      <Filter>libchdr</Filter>
    </ClCompile>
    <ClCompile Include="libchdr\src\libchdr_codec_cdzl.c">
      <Filter>libchdr</Filter>
    </ClCompile>
    <ClCompile Include="libchdr\src\libchdr_codec_cdzs.c">
      <Filter>libchdr</Filter>
    </ClCompile>
    <ClCompile Include="libchdr\src\libchdr_codec_flac.c">
      <Filter>libchdr</Filter>
    </ClCompile>
    <ClCompile Include="libchdr\src\libchdr_codec_huff.c">
      <Filter>libchdr</Filter>
    </ClCompile>
    <ClCompile Include="libchdr\src\libchdr_codec_lzma.c">
      <Filter>libchdr</Filter>
    </ClCompile>
    <ClCompile Include="libchdr\src\libchdr_codec_zlib.c">
      <Filter>libchdr</Filter>
    </ClCompile>
  </ItemGroup>
</Project>