<?xml version="1.0" encoding="utf-8"?>
<Project ToolsVersion="4.0" xmlns="http://schemas.microsoft.com/developer/msbuild/2003">
  <ItemGroup>
    <Filter Include="Source Files">
      <UniqueIdentifier>{4FC737F1-C7A5-4376-A066-2A32D752A2FF}</UniqueIdentifier>
      <Extensions>cpp;c;cc;cxx;def;odl;idl;hpj;bat;asm;asmx</Extensions>
    </Filter>
    <Filter Include="Header Files">
      <UniqueIdentifier>{93995380-89BD-4b04-88EB-625FBE52EBFB}</UniqueIdentifier>
      <Extensions>h;hh;hpp;hxx;hm;inl;inc;ipp;xsd</Extensions>
    </Filter>
    <Filter Include="Resource Files">
      <UniqueIdentifier>{67DA6AB6-F800-4c08-8B7A-83BB121AAD01}</UniqueIdentifier>
      <Extensions>rc;ico;cur;bmp;dlg;rc2;rct;bin;rgs;gif;jpg;jpeg;jpe;resx;tiff;tif;png;wav;mfcribbon-ms</Extensions>
    </Filter>
    <Filter Include="Source Files\RALibRetro">
      <UniqueIdentifier>{dbb91ad7-cb9c-4d0b-8000-4c52930b4044}</UniqueIdentifier>
    </Filter>
    <Filter Include="Source Files\miniz">
      <UniqueIdentifier>{1e293426-6398-4c86-81b8-5e0004cc542d}</UniqueIdentifier>
    </Filter>
    <Filter Include="Source Files\rhash">
      <UniqueIdentifier>{4ea653d5-1cc2-4ca4-b75e-4e5ec8fe3ecd}</UniqueIdentifier>
    </Filter>
    <Filter Include="Source Files\libmincrypt">
      <UniqueIdentifier>{be15c3d6-6a8d-418e-b432-31e7fc552895}</UniqueIdentifier>
    </Filter>
  </ItemGroup>
  <ItemGroup>
    <ClCompile Include="RAHasher.cpp">
      <Filter>Source Files</Filter>
    </ClCompile>
    <ClCompile Include="Util.cpp">
      <Filter>Source Files\RALibRetro</Filter>
    </ClCompile>
    <ClCompile Include="miniz\miniz.c">
      <Filter>Source Files\miniz</Filter>
    </ClCompile>
    <ClCompile Include="miniz\miniz_tdef.c">
      <Filter>Source Files\miniz</Filter>
    </ClCompile>
    <ClCompile Include="miniz\miniz_tinfl.c">
      <Filter>Source Files\miniz</Filter>
    </ClCompile>
    <ClCompile Include="miniz\miniz_zip.c">
      <Filter>Source Files\miniz</Filter>
    </ClCompile>
    <ClCompile Include="components\Logger.cpp">
      <Filter>Source Files\RALibRetro</Filter>
    </ClCompile>
    <ClCompile Include="rcheevos\src\rhash\md5.c">
      <Filter>Source Files\rhash</Filter>
    </ClCompile>
    <ClCompile Include="rcheevos\src\rhash\hash.c">
      <Filter>Source Files\rhash</Filter>
    </ClCompile>
    <ClCompile Include="rcheevos\src\rhash\cdreader.c">
      <Filter>Source Files\rhash</Filter>
    </ClCompile>
    <ClCompile Include="HashCHD.cpp">
      <Filter>Source Files\RALibRetro</Filter>
    </ClCompile>
    <ClCompile Include="Hash3DS.cpp">
      <Filter>Source Files\RALibRetro</Filter>
    </ClCompile>
    <ClCompile Include="rcheevos\src\rhash\aes.c">
      <Filter>Source Files\rhash</Filter>
    </ClCompile>
    <ClCompile Include="libmincrypt/sha256.c">
      <Filter>Source Files\libmincrypt</Filter>
    </ClCompile>
    <ClCompile Include="rcheevos\src\rhash\hash_encrypted.c">
      <Filter>Source Files\rhash</Filter>
    </ClCompile>
    <ClCompile Include="rcheevos\src\rhash\hash_rom.c">
      <Filter>Source Files\rhash</Filter>
    </ClCompile>
    <ClCompile Include="rcheevos\src\rhash\hash_zip.c">
      <Filter>Source Files\rhash</Filter>
    </ClCompile>
    <ClCompile Include="rcheevos\src\rhash\hash_disc.c">
      <Filter>Source Files\rhash</Filter>
    </ClCompile>
  </ItemGroup>
  <ItemGroup>
    <ClInclude Include="rcheevos\include\rhash.h">
      <Filter>Source Files\rhash</Filter>
    </ClInclude>
  </ItemGroup>
</Project>