<?xml version="1.0" encoding="utf-8"?>
<Project ToolsVersion="4.0" xmlns="http://schemas.microsoft.com/developer/msbuild/2003">
  <ItemGroup>
    <Filter Include="Source Files">
      <UniqueIdentifier>{4FC737F1-C7A5-4376-A066-2A32D752A2FF}</UniqueIdentifier>
      <Extensions>cpp;c;cc;cxx;def;odl;idl;hpj;bat;asm;asmx</Extensions>
    </Filter>
    <Filter Include="Header Files">
      <UniqueIdentifier>{93995380-89BD-4b04-88EB-625FBE52EBFB}</UniqueIdentifier>
      <Extensions>h;hh;hpp;hxx;hm;inl;inc;xsd</Extensions>
    </Filter>
    <Filter Include="Resource Files">
      <UniqueIdentifier>{67DA6AB6-F800-4c08-8B7A-83BB121AAD01}</UniqueIdentifier>
      <Extensions>rc;ico;cur;bmp;dlg;rc2;rct;bin;rgs;gif;jpg;jpeg;jpe;resx;tiff;tif;png;wav</Extensions>
    </Filter>
    <Filter Include="Source Files\jsonsax">
      <UniqueIdentifier>{a6cdf81f-2031-4895-96cf-2fefe335ed43}</UniqueIdentifier>
    </Filter>
    <Filter Include="Source Files\dynlib">
      <UniqueIdentifier>{321f2861-5b70-4141-a843-8a7d704a5624}</UniqueIdentifier>
    </Filter>
    <Filter Include="Source Files\miniz">
      <UniqueIdentifier>{c6bd24ca-4aa5-4eed-8f4f-0dbd5fd5f845}</UniqueIdentifier>
    </Filter>
    <Filter Include="Source Files\libretro">
      <UniqueIdentifier>{2e31befd-421f-451b-b48f-be36a52c02ca}</UniqueIdentifier>
    </Filter>
    <Filter Include="Source Files\speex">
      <UniqueIdentifier>{d1aeaa60-23b8-4d0c-af9d-025f837827b9}</UniqueIdentifier>
    </Filter>
    <Filter Include="Source Files\RAInterface">
      <UniqueIdentifier>{32b33d66-cfa3-44be-839e-0cc44f28fb9d}</UniqueIdentifier>
    </Filter>
    <Filter Include="Source Files\rhash">
      <UniqueIdentifier>{f33813cb-a0fd-4f12-a236-85aae13cff32}</UniqueIdentifier>
    </Filter>
    <Filter Include="Source Files\components">
      <UniqueIdentifier>{2bcecd49-e2e4-41ba-96ea-7b083991da9a}</UniqueIdentifier>
    </Filter>
    <Filter Include="Source Files\rcheevos">
      <UniqueIdentifier>{f03f66d3-40a1-4a92-8840-586859a3b6b5}</UniqueIdentifier>
    </Filter>
    <Filter Include="Source Files\libmincrypt">
      <UniqueIdentifier>{9892f223-13e3-46d2-86fd-47be605e3e2a}</UniqueIdentifier>
    </Filter>
  </ItemGroup>
  <ItemGroup>
    <ClCompile Include="About.cpp">
      <Filter>Source Files</Filter>
    </ClCompile>
    <ClCompile Include="Application.cpp">
      <Filter>Source Files</Filter>
    </ClCompile>
    <ClCompile Include="Emulator.cpp">
      <Filter>Source Files</Filter>
    </ClCompile>
    <ClCompile Include="Fsm.cpp">
      <Filter>Source Files</Filter>
    </ClCompile>
    <ClCompile Include="KeyBinds.cpp">
      <Filter>Source Files</Filter>
    </ClCompile>
    <ClCompile Include="main.cpp">
      <Filter>Source Files</Filter>
    </ClCompile>
    <ClCompile Include="Util.cpp">
      <Filter>Source Files</Filter>
    </ClCompile>
    <ClCompile Include="Gl.cpp">
      <Filter>Source Files</Filter>
    </ClCompile>
    <ClCompile Include="RA_Implementation.cpp">
      <Filter>Source Files</Filter>
    </ClCompile>
    <ClCompile Include="GlUtil.cpp">
      <Filter>Source Files</Filter>
    </ClCompile>
    <ClCompile Include="jsonsax\jsonsax.c">
      <Filter>Source Files\jsonsax</Filter>
    </ClCompile>
    <ClCompile Include="dynlib\dynlib.c">
      <Filter>Source Files\dynlib</Filter>
    </ClCompile>
    <ClCompile Include="miniz\miniz_zip.c">
      <Filter>Source Files\miniz</Filter>
    </ClCompile>
    <ClCompile Include="libretro\BareCore.cpp">
      <Filter>Source Files\libretro</Filter>
    </ClCompile>
    <ClCompile Include="libretro\Core.cpp">
      <Filter>Source Files\libretro</Filter>
    </ClCompile>
    <ClCompile Include="speex\resample.c">
      <Filter>Source Files\speex</Filter>
    </ClCompile>
    <ClCompile Include="miniz\miniz.c">
      <Filter>Source Files\miniz</Filter>
    </ClCompile>
    <ClCompile Include="miniz\miniz_tinfl.c">
      <Filter>Source Files\miniz</Filter>
    </ClCompile>
    <ClCompile Include="miniz\miniz_tdef.c">
      <Filter>Source Files\miniz</Filter>
    </ClCompile>
    <ClCompile Include="RAInterface\RA_Interface.cpp">
      <Filter>Source Files\RAInterface</Filter>
    </ClCompile>
    <ClCompile Include="CdRom.cpp">
      <Filter>Source Files</Filter>
    </ClCompile>
    <ClCompile Include="Hash.cpp">
      <Filter>Source Files</Filter>
    </ClCompile>
    <ClCompile Include="rcheevos\src\rhash\cdreader.c">
      <Filter>Source Files\rhash</Filter>
    </ClCompile>
    <ClCompile Include="rcheevos\src\rhash\hash.c">
      <Filter>Source Files\rhash</Filter>
    </ClCompile>
    <ClCompile Include="rcheevos\src\rhash\md5.c">
      <Filter>Source Files\rhash</Filter>
    </ClCompile>
    <ClCompile Include="components\Audio.cpp">
      <Filter>Source Files\components</Filter>
    </ClCompile>
    <ClCompile Include="components\Config.cpp">
      <Filter>Source Files\components</Filter>
    </ClCompile>
    <ClCompile Include="components\Dialog.cpp">
      <Filter>Source Files\components</Filter>
    </ClCompile>
    <ClCompile Include="components\Input.cpp">
      <Filter>Source Files\components</Filter>
    </ClCompile>
    <ClCompile Include="components\Logger.cpp">
      <Filter>Source Files\components</Filter>
    </ClCompile>
    <ClCompile Include="components\Video.cpp">
      <Filter>Source Files\components</Filter>
    </ClCompile>
    <ClCompile Include="components\VideoContext.cpp">
      <Filter>Source Files\components</Filter>
    </ClCompile>
    <ClCompile Include="rcheevos\src\rcheevos\consoleinfo.c">
      <Filter>Source Files\rcheevos</Filter>
    </ClCompile>
    <ClCompile Include="Memory.cpp">
      <Filter>Source Files</Filter>
    </ClCompile>
    <ClCompile Include="States.cpp">
      <Filter>Source Files</Filter>
    </ClCompile>
    <ClCompile Include="HashCHD.cpp">
      <Filter>Source Files</Filter>
    </ClCompile>
    <ClCompile Include="components\Microphone.cpp">
      <Filter>Source Files\components</Filter>
    </ClCompile>
    <ClCompile Include="rcheevos\src\rc_libretro.c">
      <Filter>Source Files\rcheevos</Filter>
    </ClCompile>
    <ClCompile Include="rcheevos\src\rhash\aes.c">
      <Filter>Source Files\rhash</Filter>
    </ClCompile>
    <ClCompile Include="Hash3DS.cpp">
      <Filter>Source Files</Filter>
    </ClCompile>
    <ClCompile Include="libmincrypt\sha256.c">
      <Filter>Source Files\libmincrypt</Filter>
    </ClCompile>
    <ClCompile Include="rcheevos\src\rhash\hash_rom.c">
      <Filter>Source Files\rhash</Filter>
    </ClCompile>
    <ClCompile Include="rcheevos\src\rhash\hash_encrypted.c">
      <Filter>Source Files\rhash</Filter>
    </ClCompile>
    <ClCompile Include="rcheevos\src\rhash\hash_zip.c">
      <Filter>Source Files\rhash</Filter>
    </ClCompile>
    <ClCompile Include="rcheevos\src\rhash\hash_disc.c">
      <Filter>Source Files\rhash</Filter>
    </ClCompile>
  </ItemGroup>
  <ItemGroup>
    <ClInclude Include="About.h">
      <Filter>Header Files</Filter>
    </ClInclude>
    <ClInclude Include="Application.h">
      <Filter>Header Files</Filter>
    </ClInclude>
    <ClInclude Include="components\Allocator.h">
      <Filter>Header Files</Filter>
    </ClInclude>
    <ClInclude Include="components\Audio.h">
      <Filter>Header Files</Filter>
    </ClInclude>
    <ClInclude Include="components\Config.h">
      <Filter>Header Files</Filter>
    </ClInclude>
    <ClInclude Include="components\Dialog.h">
      <Filter>Header Files</Filter>
    </ClInclude>
    <ClInclude Include="components\Input.h">
      <Filter>Header Files</Filter>
    </ClInclude>
    <ClInclude Include="components\Logger.h">
      <Filter>Header Files</Filter>
    </ClInclude>
    <ClInclude Include="components\Video.h">
      <Filter>Header Files</Filter>
    </ClInclude>
    <ClInclude Include="components\VideoContext.h">
      <Filter>Header Files</Filter>
    </ClInclude>
    <ClInclude Include="dynlib\dynlib.h">
      <Filter>Header Files</Filter>
    </ClInclude>
    <ClInclude Include="Emulator.h">
      <Filter>Header Files</Filter>
    </ClInclude>
    <ClInclude Include="Fsm.h">
      <Filter>Header Files</Filter>
    </ClInclude>
    <ClInclude Include="Git.h">
      <Filter>Header Files</Filter>
    </ClInclude>
    <ClInclude Include="KeyBinds.h">
      <Filter>Header Files</Filter>
    </ClInclude>
    <ClInclude Include="libretro\BareCore.h">
      <Filter>Header Files</Filter>
    </ClInclude>
    <ClInclude Include="libretro\Components.h">
      <Filter>Header Files</Filter>
    </ClInclude>
    <ClInclude Include="libretro\Core.h">
      <Filter>Header Files</Filter>
    </ClInclude>
    <ClInclude Include="libretro\libretro.h">
      <Filter>Header Files</Filter>
    </ClInclude>
    <ClInclude Include="Util.h">
      <Filter>Header Files</Filter>
    </ClInclude>
    <ClInclude Include="Gl.h">
      <Filter>Header Files</Filter>
    </ClInclude>
    <ClInclude Include="GlUtil.h">
      <Filter>Header Files</Filter>
    </ClInclude>
    <ClInclude Include="rcheevos\include\rcheevos.h">
      <Filter>Header Files</Filter>
    </ClInclude>
    <ClInclude Include="rcheevos\include\rc_consoles.h">
      <Filter>Header Files</Filter>
    </ClInclude>
    <ClInclude Include="RA_BuildVer.h">
      <Filter>Source Files</Filter>
    </ClInclude>
  </ItemGroup>
  <ItemGroup>
    <ResourceCompile Include="menu.rc">
      <Filter>Resource Files</Filter>
    </ResourceCompile>
  </ItemGroup>
</Project>